
Microsoft Visual Studio Solution File, Format Version 12.00
# Visual Studio 15
VisualStudioVersion = 15.0.28307.329
MinimumVisualStudioVersion = 10.0.40219.1
Project("{159641D6-6404-4A2A-AE62-294DE0FE8301}") = "364199_ImportJob", "364199_ImportJob\364199_ImportJob.dtproj", "{E8D0DF15-4E6D-4D46-AA4F-C13158343398}"
EndProject
Global
	GlobalSection(SolutionConfigurationPlatforms) = preSolution
		Development|Default = Development|Default
	EndGlobalSection
	GlobalSection(ProjectConfigurationPlatforms) = postSolution
		{E8D0DF15-4E6D-4D46-AA4F-C13158343398}.Development|Default.ActiveCfg = Development
		{E8D0DF15-4E6D-4D46-AA4F-C13158343398}.Development|Default.Build.0 = Development
	EndGlobalSection
	GlobalSection(SolutionProperties) = preSolution
		HideSolutionNode = FALSE
	EndGlobalSection
	GlobalSection(ExtensibilityGlobals) = postSolution
		SolutionGuid = {ACC2041A-4459-48B8-A577-7DC387C6BDBA}
	EndGlobalSection
EndGlobal
